// !$*UTF8*$!
{
	archiveVersion = 1;
	classes = {
	};
	objectVersion = 50;
	objects = {

/* Begin PBXBuildFile section */
		114C669A239BEA6D000FF5CF /* AppDelegate.m in Sources */ = {isa = PBXBuildFile; fileRef = 114C6699239BEA6D000FF5CF /* AppDelegate.m */; };
		114C669D239BEA6D000FF5CF /* SceneDelegate.m in Sources */ = {isa = PBXBuildFile; fileRef = 114C669C239BEA6D000FF5CF /* SceneDelegate.m */; };
		114C66A0239BEA6D000FF5CF /* ViewController.m in Sources */ = {isa = PBXBuildFile; fileRef = 114C669F239BEA6D000FF5CF /* ViewController.m */; };
		114C66A3239BEA6D000FF5CF /* Main.storyboard in Resources */ = {isa = PBXBuildFile; fileRef = 114C66A1239BEA6D000FF5CF /* Main.storyboard */; };
		114C66A5239BEA72000FF5CF /* Assets.xcassets in Resources */ = {isa = PBXBuildFile; fileRef = 114C66A4239BEA72000FF5CF /* Assets.xcassets */; };
		114C66A8239BEA72000FF5CF /* LaunchScreen.storyboard in Resources */ = {isa = PBXBuildFile; fileRef = 114C66A6239BEA72000FF5CF /* LaunchScreen.storyboard */; };
		114C66AB239BEA72000FF5CF /* main.m in Sources */ = {isa = PBXBuildFile; fileRef = 114C66AA239BEA72000FF5CF /* main.m */; };
		114C66B3239BEA90000FF5CF /* ReachabilityManager.m in Sources */ = {isa = PBXBuildFile; fileRef = 114C66B2239BEA90000FF5CF /* ReachabilityManager.m */; };
/* End PBXBuildFile section */

/* Begin PBXFileReference section */
		114C6695239BEA6D000FF5CF /* ReachabilityProbe.app */ = {isa = PBXFileReference; explicitFileType = wrapper.application; includeInIndex = 0; path = ReachabilityProbe.app; sourceTree = BUILT_PRODUCTS_DIR; };
		114C6698239BEA6D000FF5CF /* AppDelegate.h */ = {isa = PBXFileReference; lastKnownFileType = sourcecode.c.h; path = AppDelegate.h; sourceTree = "<group>"; };
		114C6699239BEA6D000FF5CF /* AppDelegate.m */ = {isa = PBXFileReference; lastKnownFileType = sourcecode.c.objc; path = AppDelegate.m; sourceTree = "<group>"; };
		114C669B239BEA6D000FF5CF /* SceneDelegate.h */ = {isa = PBXFileReference; lastKnownFileType = sourcecode.c.h; path = SceneDelegate.h; sourceTree = "<group>"; };
		114C669C239BEA6D000FF5CF /* SceneDelegate.m */ = {isa = PBXFileReference; lastKnownFileType = sourcecode.c.objc; path = SceneDelegate.m; sourceTree = "<group>"; };
		114C669E239BEA6D000FF5CF /* ViewController.h */ = {isa = PBXFileReference; lastKnownFileType = sourcecode.c.h; path = ViewController.h; sourceTree = "<group>"; };
		114C669F239BEA6D000FF5CF /* ViewController.m */ = {isa = PBXFileReference; lastKnownFileType = sourcecode.c.objc; path = ViewController.m; sourceTree = "<group>"; };
		114C66A2239BEA6D000FF5CF /* Base */ = {isa = PBXFileReference; lastKnownFileType = file.storyboard; name = Base; path = Base.lproj/Main.storyboard; sourceTree = "<group>"; };
		114C66A4239BEA72000FF5CF /* Assets.xcassets */ = {isa = PBXFileReference; lastKnownFileType = folder.assetcatalog; path = Assets.xcassets; sourceTree = "<group>"; };
		114C66A7239BEA72000FF5CF /* Base */ = {isa = PBXFileReference; lastKnownFileType = file.storyboard; name = Base; path = Base.lproj/LaunchScreen.storyboard; sourceTree = "<group>"; };
		114C66A9239BEA72000FF5CF /* Info.plist */ = {isa = PBXFileReference; lastKnownFileType = text.plist.xml; path = Info.plist; sourceTree = "<group>"; };
		114C66AA239BEA72000FF5CF /* main.m */ = {isa = PBXFileReference; lastKnownFileType = sourcecode.c.objc; path = main.m; sourceTree = "<group>"; };
		114C66B1239BEA90000FF5CF /* ReachabilityManager.h */ = {isa = PBXFileReference; lastKnownFileType = sourcecode.c.h; path = ReachabilityManager.h; sourceTree = "<group>"; };
		114C66B2239BEA90000FF5CF /* ReachabilityManager.m */ = {isa = PBXFileReference; lastKnownFileType = sourcecode.c.objc; path = ReachabilityManager.m; sourceTree = "<group>"; };
/* End PBXFileReference section */

/* Begin PBXFrameworksBuildPhase section */
		114C6692239BEA6D000FF5CF /* Frameworks */ = {
			isa = PBXFrameworksBuildPhase;
			buildActionMask = 2147483647;
			files = (
			);
			runOnlyForDeploymentPostprocessing = 0;
		};
/* End PBXFrameworksBuildPhase section */

/* Begin PBXGroup section */
		114C668C239BEA6D000FF5CF = {
			isa = PBXGroup;
			children = (
				114C6697239BEA6D000FF5CF /* ReachabilityProbe */,
				114C6696239BEA6D000FF5CF /* Products */,
			);
			sourceTree = "<group>";
		};
		114C6696239BEA6D000FF5CF /* Products */ = {
			isa = PBXGroup;
			children = (
				114C6695239BEA6D000FF5CF /* ReachabilityProbe.app */,
			);
			name = Products;
			sourceTree = "<group>";
		};
		114C6697239BEA6D000FF5CF /* ReachabilityProbe */ = {
			isa = PBXGroup;
			children = (
				114C6698239BEA6D000FF5CF /* AppDelegate.h */,
				114C6699239BEA6D000FF5CF /* AppDelegate.m */,
				114C669B239BEA6D000FF5CF /* SceneDelegate.h */,
				114C669C239BEA6D000FF5CF /* SceneDelegate.m */,
				114C669E239BEA6D000FF5CF /* ViewController.h */,
				114C669F239BEA6D000FF5CF /* ViewController.m */,
				114C66B1239BEA90000FF5CF /* ReachabilityManager.h */,
				114C66B2239BEA90000FF5CF /* ReachabilityManager.m */,
				114C66A1239BEA6D000FF5CF /* Main.storyboard */,
				114C66A4239BEA72000FF5CF /* Assets.xcassets */,
				114C66A6239BEA72000FF5CF /* LaunchScreen.storyboard */,
				114C66A9239BEA72000FF5CF /* Info.plist */,
				114C66AA239BEA72000FF5CF /* main.m */,
			);
			path = ReachabilityProbe;
			sourceTree = "<group>";
		};
/* End PBXGroup section */

/* Begin PBXNativeTarget section */
		114C6694239BEA6D000FF5CF /* ReachabilityProbe */ = {
			isa = PBXNativeTarget;
			buildConfigurationList = 114C66AE239BEA72000FF5CF /* Build configuration list for PBXNativeTarget "ReachabilityProbe" */;
			buildPhases = (
				114C6691239BEA6D000FF5CF /* Sources */,
				114C6692239BEA6D000FF5CF /* Frameworks */,
				114C6693239BEA6D000FF5CF /* Resources */,
			);
			buildRules = (
			);
			dependencies = (
			);
			name = ReachabilityProbe;
			productName = ReachabilityProbe;
			productReference = 114C6695239BEA6D000FF5CF /* ReachabilityProbe.app */;
			productType = "com.apple.product-type.application";
		};
/* End PBXNativeTarget section */

/* Begin PBXProject section */
		114C668D239BEA6D000FF5CF /* Project object */ = {
			isa = PBXProject;
			attributes = {
				LastUpgradeCheck = 1120;
				ORGANIZATIONNAME = "姚晓丙";
				TargetAttributes = {
					114C6694239BEA6D000FF5CF = {
						CreatedOnToolsVersion = 11.2.1;
					};
				};
			};
			buildConfigurationList = 114C6690239BEA6D000FF5CF /* Build configuration list for PBXProject "ReachabilityProbe" */;
			compatibilityVersion = "Xcode 9.3";
			developmentRegion = en;
			hasScannedForEncodings = 0;
			knownRegions = (
				en,
				Base,
			);
			mainGroup = 114C668C239BEA6D000FF5CF;
			productRefGroup = 114C6696239BEA6D000FF5CF /* Products */;
			projectDirPath = "";
			projectRoot = "";
			targets = (
				114C6694239BEA6D000FF5CF /* ReachabilityProbe */,
			);
		};
/* End PBXProject section */

/* Begin PBXResourcesBuildPhase section */
		114C6693239BEA6D000FF5CF /* Resources */ = {
			isa = PBXResourcesBuildPhase;
			buildActionMask = 2147483647;
			files = (
				114C66A8239BEA72000FF5CF /* LaunchScreen.storyboard in Resources */,
				114C66A5239BEA72000FF5CF /* Assets.xcassets in Resources */,
				114C66A3239BEA6D000FF5CF /* Main.storyboard in Resources */,
			);
			runOnlyForDeploymentPostprocessing = 0;
		};
/* End PBXResourcesBuildPhase section */

/* Begin PBXSourcesBuildPhase section */
		114C6691239BEA6D000FF5CF /* Sources */ = {
			isa = PBXSourcesBuildPhase;
			buildActionMask = 2147483647;
			files = (
				114C66A0239BEA6D000FF5CF /* ViewController.m in Sources */,
				114C66B3239BEA90000FF5CF /* ReachabilityManager.m in Sources */,
				114C669A239BEA6D000FF5CF /* AppDelegate.m in Sources */,
				114C66AB239BEA72000FF5CF /* main.m in Sources */,
				114C669D239BEA6D000FF5CF /* SceneDelegate.m in Sources */,
			);
			runOnlyForDeploymentPostprocessing = 0;
		};
/* End PBXSourcesBuildPhase section */

/* Begin PBXVariantGroup section */
		114C66A1239BEA6D000FF5CF /* Main.storyboard */ = {
			isa = PBXVariantGroup;
			children = (
				114C66A2239BEA6D000FF5CF /* Base */,
			);
			name = Main.storyboard;
			sourceTree = "<group>";
		};
		114C66A6239BEA72000FF5CF /* LaunchScreen.storyboard */ = {
			isa = PBXVariantGroup;
			children = (
				114C66A7239BEA72000FF5CF /* Base */,
			);
			name = LaunchScreen.storyboard;
			sourceTree = "<group>";
		};
/* End PBXVariantGroup section */

/* Begin XCBuildConfiguration section */
		114C66AC239BEA72000FF5CF /* Debug */ = {
			isa = XCBuildConfiguration;
			buildSettings = {
				ALWAYS_SEARCH_USER_PATHS = NO;
				CLANG_ANALYZER_NONNULL = YES;
				CLANG_ANALYZER_NUMBER_OBJECT_CONVERSION = YES_AGGRESSIVE;
				CLANG_CXX_LANGUAGE_STANDARD = "gnu++14";
				CLANG_CXX_LIBRARY = "libc++";
				CLANG_ENABLE_MODULES = YES;
				CLANG_ENABLE_OBJC_ARC = YES;
				CLANG_ENABLE_OBJC_WEAK = YES;
				CLANG_WARN_BLOCK_CAPTURE_AUTORELEASING = YES;
				CLANG_WARN_BOOL_CONVERSION = YES;
				CLANG_WARN_COMMA = YES;
				CLANG_WARN_CONSTANT_CONVERSION = YES;
				CLANG_WARN_DEPRECATED_OBJC_IMPLEMENTATIONS = YES;
				CLANG_WARN_DIRECT_OBJC_ISA_USAGE = YES_ERROR;
				CLANG_WARN_DOCUMENTATION_COMMENTS = YES;
				CLANG_WARN_EMPTY_BODY = YES;
				CLANG_WARN_ENUM_CONVERSION = YES;
				CLANG_WARN_INFINITE_RECURSION = YES;
				CLANG_WARN_INT_CONVERSION = YES;
				CLANG_WARN_NON_LITERAL_NULL_CONVERSION = YES;
				CLANG_WARN_OBJC_IMPLICIT_RETAIN_SELF = YES;
				CLANG_WARN_OBJC_LITERAL_CONVERSION = YES;
				CLANG_WARN_OBJC_ROOT_CLASS = YES_ERROR;
				CLANG_WARN_RANGE_LOOP_ANALYSIS = YES;
				CLANG_WARN_STRICT_PROTOTYPES = YES;
				CLANG_WARN_SUSPICIOUS_MOVE = YES;
				CLANG_WARN_UNGUARDED_AVAILABILITY = YES_AGGRESSIVE;
				CLANG_WARN_UNREACHABLE_CODE = YES;
				CLANG_WARN__DUPLICATE_METHOD_MATCH = YES;
				COPY_PHASE_STRIP = NO;
				DEBUG_INFORMATION_FORMAT = dwarf;
				ENABLE_STRICT_OBJC_MSGSEND = YES;
				ENABLE_TESTABILITY = YES;
				GCC_C_LANGUAGE_STANDARD = gnu11;
				GCC_DYNAMIC_NO_PIC = NO;
				GCC_NO_COMMON_BLOCKS = YES;
				GCC_OPTIMIZATION_LEVEL = 0;
				GCC_PREPROCESSOR_DEFINITIONS = (
					"DEBUG=1",
					"$(inherited)",
				);
				GCC_WARN_64_TO_32_BIT_CONVERSION = YES;
				GCC_WARN_ABOUT_RETURN_TYPE = YES_ERROR;
				GCC_WARN_UNDECLARED_SELECTOR = YES;
				GCC_WARN_UNINITIALIZED_AUTOS = YES_AGGRESSIVE;
				GCC_WARN_UNUSED_FUNCTION = YES;
				GCC_WARN_UNUSED_VARIABLE = YES;
				IPHONEOS_DEPLOYMENT_TARGET = 13.2;
				MTL_ENABLE_DEBUG_INFO = INCLUDE_SOURCE;
				MTL_FAST_MATH = YES;
				ONLY_ACTIVE_ARCH = YES;
				SDKROOT = iphoneos;
			};
			name = Debug;
		};
		114C66AD239BEA72000FF5CF /* Release */ = {
			isa = XCBuildConfiguration;
			buildSettings = {
				ALWAYS_SEARCH_USER_PATHS = NO;
				CLANG_ANALYZER_NONNULL = YES;
				CLANG_ANALYZER_NUMBER_OBJECT_CONVERSION = YES_AGGRESSIVE;
				CLANG_CXX_LANGUAGE_STANDARD = "gnu++14";
				CLANG_CXX_LIBRARY = "libc++";
				CLANG_ENABLE_MODULES = YES;
				CLANG_ENABLE_OBJC_ARC = YES;
				CLANG_ENABLE_OBJC_WEAK = YES;
				CLANG_WARN_BLOCK_CAPTURE_AUTORELEASING = YES;
				CLANG_WARN_BOOL_CONVERSION = YES;
				CLANG_WARN_COMMA = YES;
				CLANG_WARN_CONSTANT_CONVERSION = YES;
				CLANG_WARN_DEPRECATED_OBJC_IMPLEMENTATIONS = YES;
				CLANG_WARN_DIRECT_OBJC_ISA_USAGE = YES_ERROR;
				CLANG_WARN_DOCUMENTATION_COMMENTS = YES;
				CLANG_WARN_EMPTY_BODY = YES;
				CLANG_WARN_ENUM_CONVERSION = YES;
				CLANG_WARN_INFINITE_RECURSION = YES;
				CLANG_WARN_INT_CONVERSION = YES;
				CLANG_WARN_NON_LITERAL_NULL_CONVERSION = YES;
				CLANG_WARN_OBJC_IMPLICIT_RETAIN_SELF = YES;
				CLANG_WARN_OBJC_LITERAL_CONVERSION = YES;
				CLANG_WARN_OBJC_ROOT_CLASS = YES_ERROR;
				CLANG_WARN_RANGE_LOOP_ANALYSIS = YES;
				CLANG_WARN_STRICT_PROTOTYPES = YES;
				CLANG_WARN_SUSPICIOUS_MOVE = YES;
				CLANG_WARN_UNGUARDED_AVAILABILITY = YES_AGGRESSIVE;
				CLANG_WARN_UNREACHABLE_CODE = YES;
				CLANG_WARN__DUPLICATE_METHOD_MATCH = YES;
				COPY_PHASE_STRIP = NO;
				DEBUG_INFORMATION_FORMAT = "dwarf-with-dsym";
				ENABLE_NS_ASSERTIONS = NO;
				ENABLE_STRICT_OBJC_MSGSEND = YES;
				GCC_C_LANGUAGE_STANDARD = gnu11;
				GCC_NO_COMMON_BLOCKS = YES;
				GCC_WARN_64_TO_32_BIT_CONVERSION = YES;
				GCC_WARN_ABOUT_RETURN_TYPE = YES_ERROR;
				GCC_WARN_UNDECLARED_SELECTOR = YES;
				GCC_WARN_UNINITIALIZED_AUTOS = YES_AGGRESSIVE;
				GCC_WARN_UNUSED_FUNCTION = YES;
				GCC_WARN_UNUSED_VARIABLE = YES;
				IPHONEOS_DEPLOYMENT_TARGET = 13.2;
				MTL_ENABLE_DEBUG_INFO = NO;
				MTL_FAST_MATH = YES;
				SDKROOT = iphoneos;
				VALIDATE_PRODUCT = YES;
			};
			name = Release;
		};
		114C66AF239BEA72000FF5CF /* Debug */ = {
			isa = XCBuildConfiguration;
			buildSettings = {
				ASSETCATALOG_COMPILER_APPICON_NAME = AppIcon;
				CODE_SIGN_STYLE = Automatic;
				INFOPLIST_FILE = ReachabilityProbe/Info.plist;
				LD_RUNPATH_SEARCH_PATHS = (
					"$(inherited)",
					"@executable_path/Frameworks",
				);
				PRODUCT_BUNDLE_IDENTIFIER = com.duobei.ReachabilityProbe;
				PRODUCT_NAME = "$(TARGET_NAME)";
				TARGETED_DEVICE_FAMILY = "1,2";
			};
			name = Debug;
		};
		114C66B0239BEA72000FF5CF /* Release */ = {
			isa = XCBuildConfiguration;
			buildSettings = {
				ASSETCATALOG_COMPILER_APPICON_NAME = AppIcon;
				CODE_SIGN_STYLE = Automatic;
				INFOPLIST_FILE = ReachabilityProbe/Info.plist;
				LD_RUNPATH_SEARCH_PATHS = (
					"$(inherited)",
					"@executable_path/Frameworks",
				);
				PRODUCT_BUNDLE_IDENTIFIER = com.duobei.ReachabilityProbe;
				PRODUCT_NAME = "$(TARGET_NAME)";
				TARGETED_DEVICE_FAMILY = "1,2";
			};
			name = Release;
		};
/* End XCBuildConfiguration section */

/* Begin XCConfigurationList section */
		114C6690239BEA6D000FF5CF /* Build configuration list for PBXProject "ReachabilityProbe" */ = {
			isa = XCConfigurationList;
			buildConfigurations = (
				114C66AC239BEA72000FF5CF /* Debug */,
				114C66AD239BEA72000FF5CF /* Release */,
			);
			defaultConfigurationIsVisible = 0;
			defaultConfigurationName = Release;
		};
		114C66AE239BEA72000FF5CF /* Build configuration list for PBXNativeTarget "ReachabilityProbe" */ = {
			isa = XCConfigurationList;
			buildConfigurations = (
				114C66AF239BEA72000FF5CF /* Debug */,
				114C66B0239BEA72000FF5CF /* Release */,
			);
			defaultConfigurationIsVisible = 0;
			defaultConfigurationName = Release;
		};
/* End XCConfigurationList section */
	};
	rootObject = 114C668D239BEA6D000FF5CF /* Project object */;
}
